{
    "_meta": {
        "hash": {
            "sha256": "204d21c83ca0cb7fa1c9bc86a4a194980f3ee1079604ddd35479b989567d72de"
        },
        "pipfile-spec": 6,
        "requires": {
            "python_version": "3.9"
        },
        "sources": [
            {
                "name": "pypi",
                "url": "https://pypi.org/simple",
                "verify_ssl": true
            }
        ]
    },
    "default": {
        "archivessnake": {
            "hashes": [
                "sha256:0bdda8e9bc133db3dcea6825c2ecb9211561dcd938648ab67a7c2f0f7264a87e",
                "sha256:c6c2f15dac48c3556f054454417a584c4f6fcf8d8d7fa0aa4e3892deb45ec50e"
            ],
            "index": "pypi",
            "version": "==0.9.1"
        },
        "attrs": {
            "hashes": [
                "sha256:149e90d6d8ac20db7a955ad60cf0e6881a3f20d37096140088356da6c716b0b1",
                "sha256:ef6aaac3ca6cd92904cdd0d83f629a15f18053ec84e6432106f7a4d04ae4f5fb"
            ],
            "markers": "python_version >= '2.7' and python_version not in '3.0, 3.1, 3.2, 3.3, 3.4'",
            "version": "==21.2.0"
        },
        "boltons": {
            "hashes": [
                "sha256:65e70a79a731a7fe6e98592ecfb5ccf2115873d01dbc576079874629e5c90f13",
                "sha256:b9bb7b58b2b420bbe11a6025fdef6d3e5edc9f76a42fb467afe7ca212ef9948b"
            ],
            "version": "==21.0.0"
        },
        "certifi": {
            "hashes": [
                "sha256:2bbf76fd432960138b3ef6dda3dde0544f27cbf8546c458e60baf371917ba9ee",
                "sha256:50b1e4f8446b06f41be7dd6338db18e0990601dce795c2b1686458aa7e8fa7d8"
            ],
            "version": "==2021.5.30"
        },
        "charset-normalizer": {
            "hashes": [
                "sha256:3c502a35807c9df35697b0f44b1d65008f83071ff29c69677c7c22573bc5a45a",
                "sha256:951567c2f7433a70ab63f1be67e5ee05d3925d9423306ecb71a3b272757bcc95"
            ],
            "markers": "python_version >= '3'",
            "version": "==2.0.2"
        },
        "click": {
            "hashes": [
                "sha256:8c04c11192119b1ef78ea049e0a6f0463e4c48ef00a30160c704337586f3ad7a",
                "sha256:fba402a4a47334742d782209a7c79bc448911afe1149d07bdabdf480b3e2f4b6"
            ],
            "index": "pypi",
            "version": "==8.0.1"
        },
        "idna": {
            "hashes": [
                "sha256:14475042e284991034cb48e06f6851428fb14c4dc953acd9be9a5e95c7b6dd7a",
                "sha256:467fbad99067910785144ce333826c71fb0e63a425657295239737f7ecd125f3"
            ],
            "markers": "python_version >= '3'",
            "version": "==3.2"
        },
        "jsonpatch": {
            "hashes": [
                "sha256:26ac385719ac9f54df8a2f0827bb8253aa3ea8ab7b3368457bcdb8c14595a397",
                "sha256:b6ddfe6c3db30d81a96aaeceb6baf916094ffa23d7dd5fa2c13e13f8b6e600c2"
            ],
            "index": "pypi",
            "version": "==1.32"
        },
        "jsonpointer": {
            "hashes": [
                "sha256:150f80c5badd02c757da6644852f612f88e8b4bc2f9852dcbf557c8738919686",
                "sha256:5a34b698db1eb79ceac454159d3f7c12a451a91f6334a4f638454327b7a89962"
            ],
            "index": "pypi",
            "version": "==2.1"
        },
        "more-itertools": {
            "hashes": [
                "sha256:2cf89ec599962f2ddc4d568a05defc40e0a587fbc10d5989713638864c36be4d",
                "sha256:83f0308e05477c68f56ea3a888172c78ed5d5b3c282addb67508e7ba6c8f813a"
            ],
            "markers": "python_version >= '3.5'",
            "version": "==8.8.0"
        },
        "pyyaml": {
            "hashes": [
                "sha256:08682f6b72c722394747bddaf0aa62277e02557c0fd1c42cb853016a38f8dedf",
                "sha256:0f5f5786c0e09baddcd8b4b45f20a7b5d61a7e7e99846e3c799b05c7c53fa696",
                "sha256:129def1b7c1bf22faffd67b8f3724645203b79d8f4cc81f674654d9902cb4393",
                "sha256:294db365efa064d00b8d1ef65d8ea2c3426ac366c0c4368d930bf1c5fb497f77",
                "sha256:3b2b1824fe7112845700f815ff6a489360226a5609b96ec2190a45e62a9fc922",
                "sha256:3bd0e463264cf257d1ffd2e40223b197271046d09dadf73a0fe82b9c1fc385a5",
                "sha256:4465124ef1b18d9ace298060f4eccc64b0850899ac4ac53294547536533800c8",
                "sha256:49d4cdd9065b9b6e206d0595fee27a96b5dd22618e7520c33204a4a3239d5b10",
                "sha256:4e0583d24c881e14342eaf4ec5fbc97f934b999a6828693a99157fde912540cc",
                "sha256:5accb17103e43963b80e6f837831f38d314a0495500067cb25afab2e8d7a4018",
                "sha256:607774cbba28732bfa802b54baa7484215f530991055bb562efbed5b2f20a45e",
                "sha256:6c78645d400265a062508ae399b60b8c167bf003db364ecb26dcab2bda048253",
                "sha256:72a01f726a9c7851ca9bfad6fd09ca4e090a023c00945ea05ba1638c09dc3347",
                "sha256:74c1485f7707cf707a7aef42ef6322b8f97921bd89be2ab6317fd782c2d53183",
                "sha256:895f61ef02e8fed38159bb70f7e100e00f471eae2bc838cd0f4ebb21e28f8541",
                "sha256:8c1be557ee92a20f184922c7b6424e8ab6691788e6d86137c5d93c1a6ec1b8fb",
                "sha256:bb4191dfc9306777bc594117aee052446b3fa88737cd13b7188d0e7aa8162185",
                "sha256:bfb51918d4ff3d77c1c856a9699f8492c612cde32fd3bcd344af9be34999bfdc",
                "sha256:c20cfa2d49991c8b4147af39859b167664f2ad4561704ee74c1de03318e898db",
                "sha256:cb333c16912324fd5f769fff6bc5de372e9e7a202247b48870bc251ed40239aa",
                "sha256:d2d9808ea7b4af864f35ea216be506ecec180628aced0704e34aca0b040ffe46",
                "sha256:d483ad4e639292c90170eb6f7783ad19490e7a8defb3e46f97dfe4bacae89122",
                "sha256:dd5de0646207f053eb0d6c74ae45ba98c3395a571a2891858e87df7c9b9bd51b",
                "sha256:e1d4970ea66be07ae37a3c2e48b5ec63f7ba6804bdddfdbd3cfd954d25a82e63",
                "sha256:e4fac90784481d221a8e4b1162afa7c47ed953be40d31ab4629ae917510051df",
                "sha256:fa5ae20527d8e831e8230cbffd9f8fe952815b2b7dae6ffec25318803a7528fc",
                "sha256:fd7f6999a8070df521b6384004ef42833b9bd62cfee11a09bda1079b4b704247",
                "sha256:fdc842473cd33f45ff6bce46aea678a54e3d21f1b61a7750ce3c498eedfe25d6",
                "sha256:fe69978f3f768926cfa37b867e3843918e012cf83f680806599ddce33c2c68b0"
            ],
            "markers": "python_version >= '2.7' and python_version not in '3.0, 3.1, 3.2, 3.3, 3.4, 3.5'",
            "version": "==5.4.1"
        },
        "rapidfuzz": {
            "hashes": [
                "sha256:0ec346f271e96c485716c091c8b0b78ba52da33f7c6ebb52a349d64094566c2d",
                "sha256:1430dc745476e3798742ad835f61f6e6bf5d3e9a22cf9cd0288b28b7440a9872",
                "sha256:1897d2ef03f5b51bc19bdb2d0398ae968766750fa319843733f0a8f12ddde986",
                "sha256:1d20311da611c8f4638a09e2bc5e04b327bae010cb265ef9628d9c13c6d5da7b",
                "sha256:21300c4d048798985c271a8bf1ed1611902ebd4479fcacda1a3eaaebbad2f744",
                "sha256:2278001924031d9d75f821bff2c5fef565c8376f252562e04d8eec8857475c36",
                "sha256:26ac4bfe564c516e053fc055f1543d2b2433338806738c7582e1f75ed0485f7e",
                "sha256:26b7f48b3ddd9d97cf8482a88f0f6cba47ac13ff16e63386ea7ce06178174770",
                "sha256:27f9eef48e212d73e78f0f5ceedc62180b68f6a25fa0752d2ccfaedc3a840bec",
                "sha256:2963f356c70b710dc6337b012ec976ce2fc2b81c2a9918a686838fead6eb4e1d",
                "sha256:2cccc84e1f0c6217747c09cafe93164e57d3644e18a334845a2dfbdd2073cd2c",
                "sha256:31e99216e2a04aec4f281d472b28a683921f1f669a429cf605d11526623eaeed",
                "sha256:3b485c98ad1ce3c04556f65aaab5d6d6d72121cde656d43505169c71ae956476",
                "sha256:3c94b6d3513c693f253ff762112cc4580d3bd377e4abacb96af31a3d606fbe14",
                "sha256:4364db793ed4b439f9dd28a335bee14e2a828283d3b93c2d2686cc645eeafdd5",
                "sha256:4990698233e7eda7face7c09f5874a09760c7524686045cbb10317e3a7f3225f",
                "sha256:4fa195ea9ca35bacfa2a4319c6d4ab03aa6a283ad2089b70d2dfa0f6a7d9c1bc",
                "sha256:506d50a066451502ee2f8bf016bc3ba3e3b04eede7a4059d7956248e2dd96179",
                "sha256:5208ce1b1989a10e6fc5b5ef5d0bb7d1ffe5408838f3106abde241aff4dab08c",
                "sha256:56a67a5b3f783e9af73940f6945366408b3a2060fc6ab18466e5a2894fd85617",
                "sha256:59db06356eaf22c83f44b0dded964736cbb137291cdf2cf7b4974c0983b94932",
                "sha256:5fa8570720b0fdfc52f24f5663d66c52ea88ba19cb8b1ff6a39a8bc0b925b33b",
                "sha256:61167f989415e701ac379de247e6b0a21ea62afc86c54d8a79f485b4f0173c02",
                "sha256:62c1f4ac20c8019ce8d481fb27235306ef3912a8d0b9a60b17905699f43ff072",
                "sha256:645cfb9456229f0bd5752b3eda69f221d825fbb8cbb8855433516bc185111506",
                "sha256:6e336cfd8103b0b38e107e01502e9d6bf7c7f04e49b970fb11a4bf6c7a932b94",
                "sha256:72878878d6744883605b5453c382361716887e9e552f677922f76d93d622d8cb",
                "sha256:7d8c186e8270e103d339b26ef498581cf3178470ccf238dfd5fd0e47d80e4c7d",
                "sha256:80b375098658bb3db14215a975d354f6573d3943ac2ae0c4627c7760d57ce075",
                "sha256:8427310ea29ce2968e1c6f6779ae5a458b3a4984f9150fc4d16f92b96456f848",
                "sha256:8cb5c2502ff06028a1468bdf61323b53cc3a37f54b5d62d62c5371795b81086a",
                "sha256:9246b9c5c8992a83a08ac7813c8bbff2e674ad0b681f9b3fb1ec7641eff6c21f",
                "sha256:a87e212855b18a951e79ec71d71dbd856d98cd2019d0c2bd46ec30688a8aa68a",
                "sha256:a89d11f3b5da35fdf3e839186203b9367d56e2be792e8dccb098f47634ec6eb9",
                "sha256:ba8f7cbd8fdbd3ae115f4484888f3cb94bc2ac7cbd4eb1ca95a3d4f874261ff8",
                "sha256:bb16a10b40f5bd3c645f7748fbd36f49699a03f550c010a2c665905cc8937de8",
                "sha256:bdec9ae5fd8a8d4d8813b4aac3505c027b922b4033a32a7aab66a9b2f03a7b47",
                "sha256:bf18614f87fe3bfff783f0a3d0fad0eb59c92391e52555976e55570a651d2330",
                "sha256:c07f301fd549b266410654850c6918318d7dcde8201350e9ac0819f0542cf147",
                "sha256:c13cd1e840aa93639ac1d131fbfa740a609fd20dfc2a462d5cd7bce747a2398d",
                "sha256:c200bd813bbd3b146ba0fd284a9ad314bbad9d95ed542813273bdb9d0ee4e796",
                "sha256:c28be57c9bc47b3d7f484340fab1bec8ed4393dee1090892c2774a4584435eb8",
                "sha256:c43ddb354abd00e56f024ce80affb3023fa23206239bb81916d5877cba7f2d1e",
                "sha256:c798c5b87efe8a7e63f408e07ff3bc03ba8b94f4498a89b48eaab3a9f439d52c",
                "sha256:d2659967c6ac74211a87a1109e79253e4bc179641057c64800ef4e2dc0534fdb",
                "sha256:d7881965e428cf6fe248d6e702e6d5857da02278ab9b21313bee717c080e443e",
                "sha256:de20550178376d21bfe1b34a7dc42ab107bb282ef82069cf6dfe2805a0029e26",
                "sha256:e1fc4fd219057f5f1fa40bb9bc5e880f8ef45bf19350d4f5f15ca2ce7f61c99b",
                "sha256:ed708620b23a09ac52eaaec0761943c1bbc9a62d19ecd2feb4da8c3f79ef9d37",
                "sha256:f2033e3d61d1e498f618123b54dc7436d50510b0d18fd678d867720e8d7b2f23",
                "sha256:f22bf7ba6eddd59764457f74c637ab5c3ed976c5fcfaf827e1d320cc0478e12b",
                "sha256:f35c8a4c690447fd335bfd77df4da42dfea37cfa06a8ecbf22543d86dc720e12",
                "sha256:f37f80c1541d6e0a30547261900086b8c0bac519ebc12c9cd6b61a9a43a7e195",
                "sha256:f58c17f7a82b1bcc2ce304942cae14287223e6b6eead7071241273da7d9b9770",
                "sha256:f5d396b64f8ae3a793633911a1fb5d634ac25bf8f13d440139fa729131be42d8",
                "sha256:f76c965f15861ec4d39e904bd65b84a39121334439ac17bfb8b900d1e6779a93",
                "sha256:f8c79cd11b4778d387366a59aa747f5268433f9d68be37b00d16f4fb08fdf850",
                "sha256:f9f35df5dd9b02669ff6b1d4a386607ff56982c86a7e57d95eb08c6afbab4ddd",
                "sha256:fa4c8b6fc7e93e3a3fb9be9566f1fe7ef920735eadcee248a0d70f3ca8941341",
                "sha256:fc668fd706ad1162ce14f26ca2957b4690d47770d23609756536c918a855ced0",
                "sha256:fef95249af9a535854b617a68788c38cd96308d97ee14d44bc598cc73e986167"
            ],
            "markers": "python_version >= '3.5'",
            "version": "==1.4.1"
        },
        "requests": {
            "hashes": [
                "sha256:6c1246513ecd5ecd4528a0906f910e8f0f9c6b8ec72030dc9fd154dc1a6efd24",
                "sha256:b8aa58f8cf793ffd8782d3d8cb19e66ef36f7aba4353eec859e74678b01b07a7"
            ],
            "markers": "python_version >= '2.7' and python_version not in '3.0, 3.1, 3.2, 3.3, 3.4, 3.5'",
            "version": "==2.26.0"
        },
        "structlog": {
            "hashes": [
                "sha256:62f06fc0ee32fb8580f0715eea66cb87271eb7efb0eaf9af6b639cba8981de47",
                "sha256:d9d2d890532e8db83c6977a2a676fb1889922ff0c26ad4dc0ecac26f9fafbc57"
            ],
            "index": "pypi",
            "version": "==21.1.0"
        },
        "urllib3": {
            "hashes": [
                "sha256:39fb8672126159acb139a7718dd10806104dec1e2f0f6c88aab05d17df10c8d4",
                "sha256:f57b4c16c62fa2760b7e3d97c35b255512fb6b59a259730f36ba32ce9f8e342f"
            ],
            "markers": "python_version >= '2.7' and python_version not in '3.0, 3.1, 3.2, 3.3, 3.4' and python_version < '4'",
            "version": "==1.26.6"
        }
    },
    "develop": {
        "appdirs": {
            "hashes": [
                "sha256:7d5d0167b2b1ba821647616af46a749d1c653740dd0d2415100fe26e27afdf41",
                "sha256:a841dacd6b99318a741b166adb07e19ee71a274450e68237b4650ca1055ab128"
            ],
            "version": "==1.4.4"
        },
        "attrs": {
            "hashes": [
                "sha256:149e90d6d8ac20db7a955ad60cf0e6881a3f20d37096140088356da6c716b0b1",
                "sha256:ef6aaac3ca6cd92904cdd0d83f629a15f18053ec84e6432106f7a4d04ae4f5fb"
            ],
            "markers": "python_version >= '2.7' and python_version not in '3.0, 3.1, 3.2, 3.3, 3.4'",
            "version": "==21.2.0"
        },
        "bandit": {
            "hashes": [
                "sha256:216be4d044209fa06cf2a3e51b319769a51be8318140659719aa7a115c35ed07",
                "sha256:8a4c7415254d75df8ff3c3b15cfe9042ecee628a1e40b44c15a98890fbfc2608"
            ],
            "index": "pypi",
            "version": "==1.7.0"
        },
        "black": {
            "hashes": [
                "sha256:dc132348a88d103016726fe360cb9ede02cecf99b76e3660ce6c596be132ce04",
                "sha256:dfb8c5a069012b2ab1e972e7b908f5fb42b6bbabcba0a788b86dc05067c7d9c7"
            ],
            "index": "pypi",
            "version": "==21.6b0"
        },
        "certifi": {
            "hashes": [
                "sha256:2bbf76fd432960138b3ef6dda3dde0544f27cbf8546c458e60baf371917ba9ee",
                "sha256:50b1e4f8446b06f41be7dd6338db18e0990601dce795c2b1686458aa7e8fa7d8"
            ],
            "version": "==2021.5.30"
        },
        "charset-normalizer": {
            "hashes": [
                "sha256:3c502a35807c9df35697b0f44b1d65008f83071ff29c69677c7c22573bc5a45a",
                "sha256:951567c2f7433a70ab63f1be67e5ee05d3925d9423306ecb71a3b272757bcc95"
            ],
            "markers": "python_version >= '3'",
            "version": "==2.0.2"
        },
        "click": {
            "hashes": [
                "sha256:8c04c11192119b1ef78ea049e0a6f0463e4c48ef00a30160c704337586f3ad7a",
                "sha256:fba402a4a47334742d782209a7c79bc448911afe1149d07bdabdf480b3e2f4b6"
            ],
            "index": "pypi",
            "version": "==8.0.1"
        },
        "coverage": {
            "hashes": [
                "sha256:00368e6328ebff76197fff5f4d5704b44098f89d8d99a67a349ad6674ec0b157",
                "sha256:0389690e0a1c94e9a246dc3130355d70805e51ca509db1bf07fbde27efb33aa4",
                "sha256:065d2181f44392893d37d0a4f9ff60b485d705f733356d0a2fb292a58c6f2e0f",
                "sha256:082febdba717c769da92d5e19e14a659ebef6daab19b67fced304b7b8d2475e2",
                "sha256:0a35ae0d590effb7cc96e7d6935ae2ab8a51526a111fbe0f12d1671aa9fdc377",
                "sha256:142493f0400a0bd5acf03c52971229e937323c3e24c372800ae1c44a503e0921",
                "sha256:186f53367a08e8d24cc534c7cbfa43a82d1618a48dec2e0c56e80577ec1888fe",
                "sha256:2163a00bcd613e95e118c01ea2811f705fbbacf1904d657b24d306879e2303d3",
                "sha256:24ecf342b1e23de259d81b3adc83578935babeb54f6950c9bd9534b12443a49c",
                "sha256:2c24d3e09f433817ddd0cb2e8f82f8b42cd09a8ac558462fedf99be479ed4851",
                "sha256:2d741575de4a13869c9d4a685235bacc897c94afd3703e2ad4fdc362f37e87da",
                "sha256:305ca73c09dd84054a3a8f53d5b70e0325b5b303245d0b96ed505698dc7e8ea7",
                "sha256:4bf1d0a390de707f8bfd49efdcdac9366ce77ed64cb35b344f58b1ec62517317",
                "sha256:50d90d6b753debb7568621125aad4e5fb418e7bdcb0dba3fa6f4ee82994b35d4",
                "sha256:5a2079bca21fa959608223b90cf2f95ce686a6497fb12bfaaa7bb24c3e298199",
                "sha256:60c6d433f0357db7ed2a2a698fb75b8ce919ce547d6d6bc79c576e090f509768",
                "sha256:66cfae29bccea703f02d8997f60d71e236c5a321588f5aa5a318bd88ca23dc0a",
                "sha256:6d6fc990962559de1f3685eb3e365ca60f2e3257bfd145bf675c566b8ebb1944",
                "sha256:703b126f3ad20c463b545e199c4da460695630da5fdfd949de6a6269b45eabab",
                "sha256:730cee22c41852b90948343cdfd183db1e96a9de69fd4dabec3532c582afea68",
                "sha256:7e4a16bde8a3b7424b2955130f5a6c29e741e7138fe05c5d9d72efc356076a80",
                "sha256:801e8277958bc2e6cc1f2443a20a2a97f79583aa64524b130e1c0de44c287ca9",
                "sha256:80baa69a78d5696c60b72dee44ac3d5ccf75ee82e84d018938ddf642d036a6a8",
                "sha256:80c00ce9cef80afbf18d16cb3052f5601ba8d087501d829169eecb33c153346a",
                "sha256:89db5a374d793344087732207ee15869549486b2148e3e2e6effe22146351fcd",
                "sha256:917b98cc5725ea2e0b88c74d34182589a9be07092cb35b861ea9e74189174f71",
                "sha256:9398f8fd89f6f260e94e57559df1885b8200b18312824b617a8789e0f5e7dc74",
                "sha256:95b6f212bb0c7379f1f2f6e47c722fbdc7355d8b7488a68649e83dfa29522704",
                "sha256:9f23313f3e494475581d46de3b8b6bdcf618ee1df412490e779a9aa0a6c72162",
                "sha256:9f6f26e5b129bb0218aab30d368d6ead750517a457986f8854b1df4b4c318098",
                "sha256:a502693c83a2c6558bc45b4c2dc01a00c9b99cb3cf846913438933a44af174fc",
                "sha256:aa4999130a8e892fa9051edc18bf4daa0a2839d3f3de2dcfcbf0ae4619ee3b5e",
                "sha256:b10be0b80784c1beb8061e5ce938d8511a182125de5fc695a60f0561b984d361",
                "sha256:b1f7b23a606aaf2464eb81c23b5b20623e2ba44b4aaca6ea9bfe00e84a1a5264",
                "sha256:b78c8d232d97dbc8ad3a3d94cc15fccabe9a331685d76d2e5cb5284acc4a5feb",
                "sha256:b88fa862817035ad7921f2641c27a85dab12cc685ad3ef29c0caaf5b3d10a868",
                "sha256:b93fb9137070899b5f10d6487724f4427b5945983a785e1e2f1102c5e175c516",
                "sha256:b9639e16c1bc4eb8a78b3b30df4146bb78df5d52ba1b7454b634abd89aede6cc",
                "sha256:baa3b6be365c97f80d92a397cb8963dcd9bc22d101b39784e77a9cad093812f8",
                "sha256:c06c5758bae454a49dc3e7917804b46c31bb4a72cedfc8e7b4f17a318b3de9d6",
                "sha256:c544153709e93ea7e9edcefee72f5afcf484a9cb526067065f9419419f4a3694",
                "sha256:c6c74260ba130f7c20a340e8f9e544b0941621641f53edcf69e4602e12c9f29e",
                "sha256:d040615ff5c02ffd97ba9f0f73b9db34c09b8142fbfdd363b2a79fa6a554242c",
                "sha256:d85774b1ac09ec1d958e63baa436cc4c90e2e910294847ba51dcc3ca3ca04a63",
                "sha256:e508bb216eee8350e77b436f9f99c4f2d8335ecb51483f5ffd8bf5e84aaa56d1",
                "sha256:ea1cb38b1a52392ebb4e93eaf4a44b3cfdec35cca3f78a9a599f27b7f27031e2",
                "sha256:ec310e0029d530d1043f638b7a326b349884421572626bc2909408da7b0d03e5",
                "sha256:ed04b79f53fa975660f1a598120c504a0f4529170eeaf0d823fcc1f06f4d2e0f",
                "sha256:f4909ee1ddabed351f0fa55063a7dbe498001e2245a9602d9fb0fd74afecdca9",
                "sha256:f49ae9e19737493911e7f8e551310f719f463e442ea1ec92fe0804c62066a7e8",
                "sha256:f4c93e6102087dda4931fcd50fa4ad44e8e43e09419290c5f05cc2c690961ebf",
                "sha256:fa1b639d85af4794cb20d7cfd4c5ae38e94a418b17a2318a1992b470fb68260d"
            ],
            "index": "pypi",
            "version": "==5.6b1"
        },
        "coveralls": {
            "hashes": [
                "sha256:172fb79c5f61c6ede60554f2cac46deff6d64ee735991fb2124fb414e188bdb4",
                "sha256:9b3236e086627340bf2c95f89f757d093cbed43d17179d3f4fb568c347e7d29a"
            ],
            "index": "pypi",
            "version": "==3.1.0"
        },
        "docopt": {
            "hashes": [
                "sha256:49b3a825280bd66b3aa83585ef59c4a8c82f2c8a522dbe754a8bc8d08c85c491"
            ],
            "version": "==0.6.2"
        },
        "flake8": {
            "hashes": [
                "sha256:07528381786f2a6237b061f6e96610a4167b226cb926e2aa2b6b1d78057c576b",
                "sha256:bf8fd333346d844f616e8d47905ef3a3384edae6b4e9beb0c5101e25e3110907"
            ],
            "index": "pypi",
            "version": "==3.9.2"
        },
        "gitdb": {
            "hashes": [
                "sha256:6c4cc71933456991da20917998acbe6cf4fb41eeaab7d6d67fbc05ecd4c865b0",
                "sha256:96bf5c08b157a666fec41129e6d327235284cca4c81e92109260f353ba138005"
            ],
            "markers": "python_version >= '3.4'",
            "version": "==4.0.7"
        },
        "gitpython": {
            "hashes": [
                "sha256:b838a895977b45ab6f0cc926a9045c8d1c44e2b653c1fcc39fe91f42c6e8f05b",
                "sha256:fce760879cd2aebd2991b3542876dc5c4a909b30c9d69dfc488e504a8db37ee8"
            ],
            "markers": "python_version >= '3.6'",
            "version": "==3.1.18"
        },
        "idna": {
            "hashes": [
                "sha256:14475042e284991034cb48e06f6851428fb14c4dc953acd9be9a5e95c7b6dd7a",
                "sha256:467fbad99067910785144ce333826c71fb0e63a425657295239737f7ecd125f3"
            ],
            "markers": "python_version >= '3'",
            "version": "==3.2"
        },
        "iniconfig": {
            "hashes": [
                "sha256:011e24c64b7f47f6ebd835bb12a743f2fbe9a26d4cecaa7f53bc4f35ee9da8b3",
                "sha256:bc3af051d7d14b2ee5ef9969666def0cd1a000e121eaea580d4a313df4b37f32"
            ],
            "version": "==1.1.1"
        },
        "mccabe": {
            "hashes": [
                "sha256:ab8a6258860da4b6677da4bd2fe5dc2c659cff31b3ee4f7f5d64e79735b80d42",
                "sha256:dd8d182285a0fe56bace7f45b5e7d1a6ebcbf524e8f3bd87eb0f125271b8831f"
            ],
            "version": "==0.6.1"
        },
        "mypy-extensions": {
            "hashes": [
                "sha256:090fedd75945a69ae91ce1303b5824f428daf5a028d2f6ab8a299250a846f15d",
                "sha256:2d82818f5bb3e369420cb3c4060a7970edba416647068eb4c5343488a6c604a8"
            ],
            "version": "==0.4.3"
        },
        "packaging": {
            "hashes": [
                "sha256:7dc96269f53a4ccec5c0670940a4281106dd0bb343f47b7471f779df49c2fbe7",
                "sha256:c86254f9220d55e31cc94d69bade760f0847da8000def4dfe1c6b872fd14ff14"
            ],
            "markers": "python_version >= '3.6'",
            "version": "==21.0"
        },
        "pathspec": {
            "hashes": [
                "sha256:86379d6b86d75816baba717e64b1a3a3469deb93bb76d613c9ce79edc5cb68fd",
                "sha256:aa0cb481c4041bf52ffa7b0d8fa6cd3e88a2ca4879c533c9153882ee2556790d"
            ],
            "version": "==0.8.1"
        },
        "pbr": {
            "hashes": [
                "sha256:42df03e7797b796625b1029c0400279c7c34fd7df24a7d7818a1abb5b38710dd",
                "sha256:c68c661ac5cc81058ac94247278eeda6d2e6aecb3e227b0387c30d277e7ef8d4"
            ],
            "markers": "python_version >= '2.6'",
            "version": "==5.6.0"
        },
        "pluggy": {
            "hashes": [
                "sha256:265a94bf44ca13662f12fcd1b074c14d4b269a712f051b6f644ef7e705d6735f",
                "sha256:467f0219e89bb5061a8429c6fc5cf055fa3983a0e68e84a1d205046306b37d9e"
            ],
            "markers": "python_version >= '2.7' and python_version not in '3.0, 3.1, 3.2, 3.3'",
            "version": "==1.0.0.dev0"
        },
        "py": {
            "hashes": [
                "sha256:21b81bda15b66ef5e1a777a21c4dcd9c20ad3efd0b3f817e7a809035269e1bd3",
                "sha256:3b80836aa6d1feeaa108e046da6423ab8f6ceda6468545ae8d02d9d58d18818a"
            ],
            "markers": "python_version >= '2.7' and python_version not in '3.0, 3.1, 3.2, 3.3'",
            "version": "==1.10.0"
        },
        "pycodestyle": {
            "hashes": [
                "sha256:514f76d918fcc0b55c6680472f0a37970994e07bbb80725808c17089be302068",
                "sha256:c389c1d06bf7904078ca03399a4816f974a1d590090fecea0c63ec26ebaf1cef"
            ],
            "markers": "python_version >= '2.7' and python_version not in '3.0, 3.1, 3.2, 3.3'",
            "version": "==2.7.0"
        },
        "pydocstyle": {
            "hashes": [
                "sha256:1d41b7c459ba0ee6c345f2eb9ae827cab14a7533a88c5c6f7e94923f72df92dc",
                "sha256:6987826d6775056839940041beef5c08cc7e3d71d63149b48e36727f70144dc4"
            ],
            "markers": "python_version >= '3.6'",
            "version": "==6.1.1"
        },
        "pyflakes": {
            "hashes": [
                "sha256:7893783d01b8a89811dd72d7dfd4d84ff098e5eed95cfa8905b22bbffe52efc3",
                "sha256:f5bc8ecabc05bb9d291eb5203d6810b49040f6ff446a756326104746cc00c1db"
            ],
            "markers": "python_version >= '2.7' and python_version not in '3.0, 3.1, 3.2, 3.3'",
            "version": "==2.3.1"
        },
        "pylama": {
            "hashes": [
                "sha256:9bae53ef9c1a431371d6a8dca406816a60d547147b60a4934721898f553b7d8f",
                "sha256:fd61c11872d6256b019ef1235be37b77c922ef37ac9797df6bd489996dddeb15"
            ],
            "index": "pypi",
            "version": "==7.7.1"
        },
        "pyparsing": {
            "hashes": [
                "sha256:1c6409312ce2ce2997896af5756753778d5f1603666dba5587804f09ad82ed27",
                "sha256:f4896b4cc085a1f8f8ae53a1a90db5a86b3825ff73eb974dffee3d9e701007f4"
            ],
            "markers": "python_version >= '3.5'",
            "version": "==3.0.0b2"
        },
        "pytest": {
            "hashes": [
                "sha256:50bcad0a0b9c5a72c8e4e7c9855a3ad496ca6a881a3641b4260605450772c54b",
                "sha256:91ef2131a9bd6be8f76f1f08eac5c5317221d6ad1e143ae03894b862e8976890"
            ],
            "index": "pypi",
            "version": "==6.2.4"
        },
        "pytest-cov": {
            "hashes": [
                "sha256:261bb9e47e65bd099c89c3edf92972865210c36813f80ede5277dceb77a4a62a",
                "sha256:261ceeb8c227b726249b376b8526b600f38667ee314f910353fa318caa01f4d7"
            ],
            "index": "pypi",
            "version": "==2.12.1"
        },
        "pyyaml": {
            "hashes": [
                "sha256:08682f6b72c722394747bddaf0aa62277e02557c0fd1c42cb853016a38f8dedf",
                "sha256:0f5f5786c0e09baddcd8b4b45f20a7b5d61a7e7e99846e3c799b05c7c53fa696",
                "sha256:129def1b7c1bf22faffd67b8f3724645203b79d8f4cc81f674654d9902cb4393",
                "sha256:294db365efa064d00b8d1ef65d8ea2c3426ac366c0c4368d930bf1c5fb497f77",
                "sha256:3b2b1824fe7112845700f815ff6a489360226a5609b96ec2190a45e62a9fc922",
                "sha256:3bd0e463264cf257d1ffd2e40223b197271046d09dadf73a0fe82b9c1fc385a5",
                "sha256:4465124ef1b18d9ace298060f4eccc64b0850899ac4ac53294547536533800c8",
                "sha256:49d4cdd9065b9b6e206d0595fee27a96b5dd22618e7520c33204a4a3239d5b10",
                "sha256:4e0583d24c881e14342eaf4ec5fbc97f934b999a6828693a99157fde912540cc",
                "sha256:5accb17103e43963b80e6f837831f38d314a0495500067cb25afab2e8d7a4018",
                "sha256:607774cbba28732bfa802b54baa7484215f530991055bb562efbed5b2f20a45e",
                "sha256:6c78645d400265a062508ae399b60b8c167bf003db364ecb26dcab2bda048253",
                "sha256:72a01f726a9c7851ca9bfad6fd09ca4e090a023c00945ea05ba1638c09dc3347",
                "sha256:74c1485f7707cf707a7aef42ef6322b8f97921bd89be2ab6317fd782c2d53183",
                "sha256:895f61ef02e8fed38159bb70f7e100e00f471eae2bc838cd0f4ebb21e28f8541",
                "sha256:8c1be557ee92a20f184922c7b6424e8ab6691788e6d86137c5d93c1a6ec1b8fb",
                "sha256:bb4191dfc9306777bc594117aee052446b3fa88737cd13b7188d0e7aa8162185",
                "sha256:bfb51918d4ff3d77c1c856a9699f8492c612cde32fd3bcd344af9be34999bfdc",
                "sha256:c20cfa2d49991c8b4147af39859b167664f2ad4561704ee74c1de03318e898db",
                "sha256:cb333c16912324fd5f769fff6bc5de372e9e7a202247b48870bc251ed40239aa",
                "sha256:d2d9808ea7b4af864f35ea216be506ecec180628aced0704e34aca0b040ffe46",
                "sha256:d483ad4e639292c90170eb6f7783ad19490e7a8defb3e46f97dfe4bacae89122",
                "sha256:dd5de0646207f053eb0d6c74ae45ba98c3395a571a2891858e87df7c9b9bd51b",
                "sha256:e1d4970ea66be07ae37a3c2e48b5ec63f7ba6804bdddfdbd3cfd954d25a82e63",
                "sha256:e4fac90784481d221a8e4b1162afa7c47ed953be40d31ab4629ae917510051df",
                "sha256:fa5ae20527d8e831e8230cbffd9f8fe952815b2b7dae6ffec25318803a7528fc",
                "sha256:fd7f6999a8070df521b6384004ef42833b9bd62cfee11a09bda1079b4b704247",
                "sha256:fdc842473cd33f45ff6bce46aea678a54e3d21f1b61a7750ce3c498eedfe25d6",
                "sha256:fe69978f3f768926cfa37b867e3843918e012cf83f680806599ddce33c2c68b0"
            ],
            "markers": "python_version >= '2.7' and python_version not in '3.0, 3.1, 3.2, 3.3, 3.4, 3.5'",
            "version": "==5.4.1"
        },
        "regex": {
            "hashes": [
                "sha256:0eb2c6e0fcec5e0f1d3bcc1133556563222a2ffd2211945d7b1480c1b1a42a6f",
                "sha256:15dddb19823f5147e7517bb12635b3c82e6f2a3a6b696cc3e321522e8b9308ad",
                "sha256:173bc44ff95bc1e96398c38f3629d86fa72e539c79900283afa895694229fe6a",
                "sha256:1c78780bf46d620ff4fff40728f98b8afd8b8e35c3efd638c7df67be2d5cddbf",
                "sha256:2366fe0479ca0e9afa534174faa2beae87847d208d457d200183f28c74eaea59",
                "sha256:2bceeb491b38225b1fee4517107b8491ba54fba77cf22a12e996d96a3c55613d",
                "sha256:2ddeabc7652024803666ea09f32dd1ed40a0579b6fbb2a213eba590683025895",
                "sha256:2fe5e71e11a54e3355fa272137d521a40aace5d937d08b494bed4529964c19c4",
                "sha256:319eb2a8d0888fa6f1d9177705f341bc9455a2c8aca130016e52c7fe8d6c37a3",
                "sha256:3f5716923d3d0bfb27048242a6e0f14eecdb2e2a7fac47eda1d055288595f222",
                "sha256:422dec1e7cbb2efbbe50e3f1de36b82906def93ed48da12d1714cabcd993d7f0",
                "sha256:4c9c3155fe74269f61e27617529b7f09552fbb12e44b1189cebbdb24294e6e1c",
                "sha256:4f64fc59fd5b10557f6cd0937e1597af022ad9b27d454e182485f1db3008f417",
                "sha256:564a4c8a29435d1f2256ba247a0315325ea63335508ad8ed938a4f14c4116a5d",
                "sha256:59506c6e8bd9306cd8a41511e32d16d5d1194110b8cfe5a11d102d8b63cf945d",
                "sha256:598c0a79b4b851b922f504f9f39a863d83ebdfff787261a5ed061c21e67dd761",
                "sha256:59c00bb8dd8775473cbfb967925ad2c3ecc8886b3b2d0c90a8e2707e06c743f0",
                "sha256:6110bab7eab6566492618540c70edd4d2a18f40ca1d51d704f1d81c52d245026",
                "sha256:6afe6a627888c9a6cfbb603d1d017ce204cebd589d66e0703309b8048c3b0854",
                "sha256:791aa1b300e5b6e5d597c37c346fb4d66422178566bbb426dd87eaae475053fb",
                "sha256:8394e266005f2d8c6f0bc6780001f7afa3ef81a7a2111fa35058ded6fce79e4d",
                "sha256:875c355360d0f8d3d827e462b29ea7682bf52327d500a4f837e934e9e4656068",
                "sha256:89e5528803566af4df368df2d6f503c84fbfb8249e6631c7b025fe23e6bd0cde",
                "sha256:99d8ab206a5270c1002bfcf25c51bf329ca951e5a169f3b43214fdda1f0b5f0d",
                "sha256:9a854b916806c7e3b40e6616ac9e85d3cdb7649d9e6590653deb5b341a736cec",
                "sha256:b85ac458354165405c8a84725de7bbd07b00d9f72c31a60ffbf96bb38d3e25fa",
                "sha256:bc84fb254a875a9f66616ed4538542fb7965db6356f3df571d783f7c8d256edd",
                "sha256:c92831dac113a6e0ab28bc98f33781383fe294df1a2c3dfd1e850114da35fd5b",
                "sha256:cbe23b323988a04c3e5b0c387fe3f8f363bf06c0680daf775875d979e376bd26",
                "sha256:ccb3d2190476d00414aab36cca453e4596e8f70a206e2aa8db3d495a109153d2",
                "sha256:d8bbce0c96462dbceaa7ac4a7dfbbee92745b801b24bce10a98d2f2b1ea9432f",
                "sha256:db2b7df831c3187a37f3bb80ec095f249fa276dbe09abd3d35297fc250385694",
                "sha256:e586f448df2bbc37dfadccdb7ccd125c62b4348cb90c10840d695592aa1b29e0",
                "sha256:e5983c19d0beb6af88cb4d47afb92d96751fb3fa1784d8785b1cdf14c6519407",
                "sha256:e6a1e5ca97d411a461041d057348e578dc344ecd2add3555aedba3b408c9f874",
                "sha256:eaf58b9e30e0e546cdc3ac06cf9165a1ca5b3de8221e9df679416ca667972035",
                "sha256:ed693137a9187052fc46eedfafdcb74e09917166362af4cc4fddc3b31560e93d",
                "sha256:edd1a68f79b89b0c57339bce297ad5d5ffcc6ae7e1afdb10f1947706ed066c9c",
                "sha256:f080248b3e029d052bf74a897b9d74cfb7643537fbde97fe8225a6467fb559b5",
                "sha256:f9392a4555f3e4cb45310a65b403d86b589adc773898c25a39184b1ba4db8985",
                "sha256:f98dc35ab9a749276f1a4a38ab3e0e2ba1662ce710f6530f5b0a6656f1c32b58"
            ],
            "version": "==2021.7.6"
        },
        "requests": {
            "hashes": [
                "sha256:6c1246513ecd5ecd4528a0906f910e8f0f9c6b8ec72030dc9fd154dc1a6efd24",
                "sha256:b8aa58f8cf793ffd8782d3d8cb19e66ef36f7aba4353eec859e74678b01b07a7"
            ],
            "markers": "python_version >= '2.7' and python_version not in '3.0, 3.1, 3.2, 3.3, 3.4, 3.5'",
            "version": "==2.26.0"
        },
        "requests-mock": {
            "hashes": [
                "sha256:0a2d38a117c08bb78939ec163522976ad59a6b7fdd82b709e23bb98004a44970",
                "sha256:8d72abe54546c1fc9696fa1516672f1031d72a55a1d66c85184f972a24ba0eba"
            ],
            "index": "pypi",
            "version": "==1.9.3"
        },
        "six": {
            "hashes": [
                "sha256:1e61c37477a1626458e36f7b1d82aa5c9b094fa4802892072e49de9c60c4c926",
                "sha256:8abb2f1d86890a2dfb989f9a77cfcfd3e47c2a354b01111771326f8aa26e0254"
            ],
            "markers": "python_version >= '2.7' and python_version not in '3.0, 3.1, 3.2, 3.3'",
            "version": "==1.16.0"
        },
        "smmap": {
            "hashes": [
                "sha256:7e65386bd122d45405ddf795637b7f7d2b532e7e401d46bbe3fb49b9986d5182",
                "sha256:a9a7479e4c572e2e775c404dcd3080c8dc49f39918c2cf74913d30c4c478e3c2"
            ],
            "markers": "python_version >= '3.5'",
            "version": "==4.0.0"
        },
        "snowballstemmer": {
            "hashes": [
                "sha256:b51b447bea85f9968c13b650126a888aabd4cb4463fca868ec596826325dedc2",
                "sha256:e997baa4f2e9139951b6f4c631bad912dfd3c792467e2f03d7239464af90e914"
            ],
            "version": "==2.1.0"
        },
        "stevedore": {
            "hashes": [
                "sha256:3a5bbd0652bf552748871eaa73a4a8dc2899786bc497a2aa1fcb4dcdb0debeee",
                "sha256:50d7b78fbaf0d04cd62411188fa7eedcb03eb7f4c4b37005615ceebe582aa82a"
            ],
            "markers": "python_version >= '3.6'",
            "version": "==3.3.0"
        },
        "toml": {
            "hashes": [
                "sha256:806143ae5bfb6a3c6e736a764057db0e6a0e05e338b5630894a5f779cabb4f9b",
                "sha256:b3bda1d108d5dd99f4a20d24d9c348e91c4db7ab1b749200bded2f839ccbe68f"
            ],
            "markers": "python_version >= '2.6' and python_version not in '3.0, 3.1, 3.2, 3.3'",
            "version": "==0.10.2"
        },
        "urllib3": {
            "hashes": [
                "sha256:39fb8672126159acb139a7718dd10806104dec1e2f0f6c88aab05d17df10c8d4",
                "sha256:f57b4c16c62fa2760b7e3d97c35b255512fb6b59a259730f36ba32ce9f8e342f"
            ],
            "markers": "python_version >= '2.7' and python_version not in '3.0, 3.1, 3.2, 3.3, 3.4' and python_version < '4'",
            "version": "==1.26.6"
        }
    }
}
