{
    "_meta": {
        "hash": {
            "sha256": "036cec7bf19a266462032eae5499bb4b60ea20da62449031a870aa851b43a2c3"
        },
        "pipfile-spec": 6,
        "requires": {
            "python_version": "3.8"
        },
        "sources": [
            {
                "name": "pypi",
                "url": "https://pypi.org/simple",
                "verify_ssl": true
            }
        ]
    },
    "default": {
        "archivessnake": {
            "hashes": [
                "sha256:0bdda8e9bc133db3dcea6825c2ecb9211561dcd938648ab67a7c2f0f7264a87e",
                "sha256:c6c2f15dac48c3556f054454417a584c4f6fcf8d8d7fa0aa4e3892deb45ec50e"
            ],
            "index": "pypi",
            "version": "==0.9.1"
        },
        "attrs": {
            "hashes": [
                "sha256:31b2eced602aa8423c2aea9c76a724617ed67cf9513173fd3a4f03e3a929c7e6",
                "sha256:832aa3cde19744e49938b91fea06d69ecb9e649c93ba974535d08ad92164f700"
            ],
            "markers": "python_version >= '2.7' and python_version not in '3.0, 3.1, 3.2, 3.3'",
            "version": "==20.3.0"
        },
        "boltons": {
            "hashes": [
                "sha256:3dd8a8e3c1886e7f7ba3422b50f55a66e1700161bf01b919d098e7d96dd2d9b6",
                "sha256:dd362291a460cc1e0c2e91cc6a60da3036ced77099b623112e8f833e6734bdc5"
            ],
            "version": "==20.2.1"
        },
        "certifi": {
            "hashes": [
                "sha256:1a4995114262bffbc2413b159f2a1a480c969de6e6eb13ee966d470af86af59c",
                "sha256:719a74fb9e33b9bd44cc7f3a8d94bc35e4049deebe19ba7d8e108280cfd59830"
            ],
            "version": "==2020.12.5"
        },
        "chardet": {
            "hashes": [
                "sha256:0d6f53a15db4120f2b08c94f11e7d93d2c911ee118b6b30a04ec3ee8310179fa",
                "sha256:f864054d66fd9118f2e67044ac8981a54775ec5b67aed0441892edb553d21da5"
            ],
            "markers": "python_version >= '2.7' and python_version not in '3.0, 3.1, 3.2, 3.3, 3.4'",
            "version": "==4.0.0"
        },
        "click": {
            "hashes": [
                "sha256:d2b5255c7c6349bc1bd1e59e08cd12acbbd63ce649f2588755783aa94dfb6b1a",
                "sha256:dacca89f4bfadd5de3d7489b7c8a566eee0d3676333fbb50030263894c38c0dc"
            ],
            "index": "pypi",
            "version": "==7.1.2"
        },
        "idna": {
            "hashes": [
                "sha256:b307872f855b18632ce0c21c5e45be78c0ea7ae4c15c828c20788b26921eb3f6",
                "sha256:b97d804b1e9b523befed77c48dacec60e6dcb0b5391d57af6a65a312a90648c0"
            ],
            "markers": "python_version >= '2.7' and python_version not in '3.0, 3.1, 3.2, 3.3'",
            "version": "==2.10"
        },
        "jsonpatch": {
            "hashes": [
                "sha256:da3831be60919e8c98564acfc1fa918cb96e7c9750b0428388483f04d0d1c5a7",
                "sha256:e930adc932e4d36087dbbf0f22e1ded32185dfb20662f2e3dd848677a5295a14"
            ],
            "index": "pypi",
            "version": "==1.28"
        },
        "jsonpointer": {
            "hashes": [
                "sha256:c192ba86648e05fdae4f08a17ec25180a9aef5008d973407b581798a83975362",
                "sha256:ff379fa021d1b81ab539f5ec467c7745beb1a5671463f9dcc2b2d458bd361c1e"
            ],
            "index": "pypi",
            "version": "==2.0"
        },
        "more-itertools": {
            "hashes": [
                "sha256:5652a9ac72209ed7df8d9c15daf4e1aa0e3d2ccd3c87f8265a0673cd9cbc9ced",
                "sha256:c5d6da9ca3ff65220c3bfd2a8db06d698f05d4d2b9be57e1deb2be5a45019713"
            ],
            "markers": "python_version >= '3.5'",
            "version": "==8.7.0"
        },
        "pyyaml": {
            "hashes": [
                "sha256:08682f6b72c722394747bddaf0aa62277e02557c0fd1c42cb853016a38f8dedf",
                "sha256:0f5f5786c0e09baddcd8b4b45f20a7b5d61a7e7e99846e3c799b05c7c53fa696",
                "sha256:129def1b7c1bf22faffd67b8f3724645203b79d8f4cc81f674654d9902cb4393",
                "sha256:294db365efa064d00b8d1ef65d8ea2c3426ac366c0c4368d930bf1c5fb497f77",
                "sha256:3b2b1824fe7112845700f815ff6a489360226a5609b96ec2190a45e62a9fc922",
                "sha256:3bd0e463264cf257d1ffd2e40223b197271046d09dadf73a0fe82b9c1fc385a5",
                "sha256:4465124ef1b18d9ace298060f4eccc64b0850899ac4ac53294547536533800c8",
                "sha256:49d4cdd9065b9b6e206d0595fee27a96b5dd22618e7520c33204a4a3239d5b10",
                "sha256:4e0583d24c881e14342eaf4ec5fbc97f934b999a6828693a99157fde912540cc",
                "sha256:5accb17103e43963b80e6f837831f38d314a0495500067cb25afab2e8d7a4018",
                "sha256:607774cbba28732bfa802b54baa7484215f530991055bb562efbed5b2f20a45e",
                "sha256:6c78645d400265a062508ae399b60b8c167bf003db364ecb26dcab2bda048253",
                "sha256:74c1485f7707cf707a7aef42ef6322b8f97921bd89be2ab6317fd782c2d53183",
                "sha256:8c1be557ee92a20f184922c7b6424e8ab6691788e6d86137c5d93c1a6ec1b8fb",
                "sha256:bb4191dfc9306777bc594117aee052446b3fa88737cd13b7188d0e7aa8162185",
                "sha256:c20cfa2d49991c8b4147af39859b167664f2ad4561704ee74c1de03318e898db",
                "sha256:d2d9808ea7b4af864f35ea216be506ecec180628aced0704e34aca0b040ffe46",
                "sha256:dd5de0646207f053eb0d6c74ae45ba98c3395a571a2891858e87df7c9b9bd51b",
                "sha256:e1d4970ea66be07ae37a3c2e48b5ec63f7ba6804bdddfdbd3cfd954d25a82e63",
                "sha256:e4fac90784481d221a8e4b1162afa7c47ed953be40d31ab4629ae917510051df",
                "sha256:fa5ae20527d8e831e8230cbffd9f8fe952815b2b7dae6ffec25318803a7528fc"
            ],
            "markers": "python_version >= '2.7' and python_version not in '3.0, 3.1, 3.2, 3.3, 3.4, 3.5'",
            "version": "==5.4.1"
        },
        "rapidfuzz": {
            "hashes": [
                "sha256:04c4a27b1bd475d36e9003380220a862163a079184043c27e7443c9aded09c86",
                "sha256:06edb5a49b487499857b575028182c3f75361c6c22950661c598d36cc584af3c",
                "sha256:0d08a0bb5a6cd164d899a8f17fece7f5e54e040ccbe17dd38d56603b1ee3319a",
                "sha256:0dbd7d197d1a590c2671cbc7f67ba6979548deb1827c45963bc48deddc509207",
                "sha256:15c9ac1279ce9103dfe377b1a51f0548f6cc08c7d58d6bc45e9f224e5ab310d0",
                "sha256:164ad3790d361d5264972c4cfec97f1ff3ea9a7b451208e84ca873f4a88bda06",
                "sha256:1d858ec78a99ea8e32d86925166434788522f5020ade02648c85bb3fc3f4f6de",
                "sha256:2b657bb9cc69d5729d1f0799f13ca9632fccba1a588bef78012bdd51f07b7ee8",
                "sha256:31bb95bc8c3425f81f161f07b00a50c67a1d16eac3f4fb5e3bd0fdcdd8b9334f",
                "sha256:3724934e8037befd18901bf7f26cc9e041c3cdfae222e54fe6e6afd6e4cb0e26",
                "sha256:3a1039ca6136d957aa30b9743f3f627ef0662a26e8d5f722815866d1cdfb396b",
                "sha256:3e6f6c9757823aab42d6216800eb942f31d100a22a07ec666058ccb224ede5ab",
                "sha256:3f885029755fcaea0449d3bb7cbbc551b24e1e9441fdc273472d81c02f30ae7f",
                "sha256:41dc6326d445d8e7afff53f1194ea3a2a7342d578efdc29748fb33eb479c97f6",
                "sha256:4947c60f073d0970ba8ca7456dd94e610672d79886689363f6175fc9d68cceee",
                "sha256:4cd9aa9e10b3f47bd64bbdac5a13168725dffbfcf24f1b79d602c1a139823e1e",
                "sha256:52512ba8940c9fac1eb9c18771ca0cf20ec9d61b48960b8e0f149ae64e73042e",
                "sha256:5ad59cfc2c9f6a214c814de8b9e94309f82943a902f7acea307d9d5be2b0cccb",
                "sha256:611751f2164bc2a14f008b6ac45a7d0fd14d145934ddd9a6ece786560deb0148",
                "sha256:6a6447d9612cc7ba0dfc93e5d4a92a1d8022bf4f693fe36dfd4a79326e91c151",
                "sha256:74196c59e16a141e61161bd902f7cddab73571ee89951f1fd6acba6a7cc8a131",
                "sha256:753924c78fd6d754e4640832eebf662e8696ac9c1be9bddf2a530e5d72f6d065",
                "sha256:79bdac4250d1dd33ec7abaa4b5a047d96f21a3f8c5f736f47371ad17c2fa10ac",
                "sha256:822adafbc76c2cf2f0966fd9c20683d46b6cf5a09b6020526fb1ab0cc6b3db73",
                "sha256:8548e2a9462cccfd26529eed6f9a891f48e55c800c08cb8ed2c8c612dcc5ff09",
                "sha256:85ed82af38aaed64e34adcbdeb629d2e514f306ca8539e92906028a792228113",
                "sha256:86056bf87b177e3a4e899bf50ee21da0ac72c27a9e6c5b75b816fa775c3199fe",
                "sha256:8789b6105168796d7478304a8886e2d735fe63ff60f3641da6d3dedb292fda9d",
                "sha256:8921f620a995cba93d3cf97a4386abd7633ee78bdbb5cfda4c5a08057edcffad",
                "sha256:8c08b696e1d7edc897bd15df549c312276403741271a3e7d779653b757c3bc85",
                "sha256:8ecd71bb161953daf7524f095d9484791c984bfc93b8f9ea06b16ef4143dee4a",
                "sha256:90d6b1c78fb9b51efe5a9a042977339435c8c007e36c8d81ddc21098ff5b9fc2",
                "sha256:932bf1316d15e5cc79f32406d8c96a06749494df4b7c1fdc620b482370a38958",
                "sha256:94f73da4a5c783b1743530fd1c85e2311e749f9f7e557360f1d2a87d6a444f94",
                "sha256:9e3a0daea2bcfda554897586afde99807bacb44672613a4c52f9a87388627e70",
                "sha256:a6633fe5ed0361f4145d01ae8fde8564609f178614bb3341d96a71a9c0b051b0",
                "sha256:a6cf3263dec303acc034b74b4060492fea898f05855947b024e9aade5ecc264e",
                "sha256:a795b393dc537aafbfbbc936eec0a6189ae7dc42afe459a62b0be41e30fbd5d8",
                "sha256:b01988ceb5fa891828485d3861d629716b6fe28d7d632e643c0fd8a847612c54",
                "sha256:b491e68620a31d5059ae83a7d6955142d3b68b6852b0da8dacf1f05742ec848f",
                "sha256:bbb9a6802231851b6e582c5a7e633e17a333ef3ba5d2da626f43d75c9ce1a96c",
                "sha256:bd423368637bd6b56e4e89356ad52bb4501100ba2d5e49ccf08c1f476068e234",
                "sha256:c0309d9c19b0ff7f7420022323237a04f717d9ac6867d90ff9daaa55cf6d8535",
                "sha256:c58e5d2a94c09220d03fcac7cf5e5c98ffc76ab0343d12238ae8a140cbccdc7a",
                "sha256:c9c1cde7a546e55d1530ec06840af3781ee3d05e7e21fe0f68203869c2a8bef4",
                "sha256:d708287eb74f6b432e27ddd0b08a83f76b7b64d818e5066483833067048b06cf",
                "sha256:d79ace11b1b81f87e6c303ce06b2c0b841938df9694ef6873b94b085cb43827e",
                "sha256:e028da2c1f2032700412f1812509356d19eb776da67921f8564a9863ae870029",
                "sha256:e0b316d949f04dfc1953cec35e9caed5cb54d6deb421d6634336c1f000e8d141",
                "sha256:e43d057b5277bdcf2519c30ca9eb8aa52e047f3e92dcbc45c4600a5f760c148e",
                "sha256:e6fb951b8d9bde314f024a27b36494fc04a97d7393ab0777e74f9526a7f28da4",
                "sha256:f19aab9a50e5380c5092d3ebfdb3d1d8a778dadde2ceb32ef9c8bfdbda6f0f72",
                "sha256:f1f10d7118890f14be78e6b01fca1903e6c621c5f7f9c4ad9224440f96f2e8bd",
                "sha256:f4f46633dfdac0a25fe53893f8f42213fa22636f70f1c77912d190cd5b9b5fa0",
                "sha256:f50359da4303c903269e88c00db8ad6cd6f62480cdba2aae3697519a70dcbbec",
                "sha256:f7821472adb6e416479a7e1d6ed1dbe69627fc0fc648903a7b58fe84cb8b177f",
                "sha256:fa1ace30c431073218d7717fa747c2298dbbf269faf42cae1471ec49b62c62f5",
                "sha256:fadbf1ccfdcbba169db24704325421f8389a954cc717512bfa33f2cd3ffc67f7"
            ],
            "markers": "python_version >= '2.7'",
            "version": "==1.1.1"
        },
        "requests": {
            "hashes": [
                "sha256:27973dd4a904a4f13b263a19c866c13b92a39ed1c964655f025f3f8d3d75b804",
                "sha256:c210084e36a42ae6b9219e00e48287def368a26d03a048ddad7bfee44f75871e"
            ],
            "markers": "python_version >= '2.7' and python_version not in '3.0, 3.1, 3.2, 3.3, 3.4'",
            "version": "==2.25.1"
        },
        "structlog": {
            "hashes": [
                "sha256:62f06fc0ee32fb8580f0715eea66cb87271eb7efb0eaf9af6b639cba8981de47",
                "sha256:d9d2d890532e8db83c6977a2a676fb1889922ff0c26ad4dc0ecac26f9fafbc57"
            ],
            "index": "pypi",
            "version": "==21.1.0"
        },
        "urllib3": {
            "hashes": [
                "sha256:1b465e494e3e0d8939b50680403e3aedaa2bc434b7d5af64dfd3c958d7f5ae80",
                "sha256:de3eedaad74a2683334e282005cd8d7f22f4d55fa690a2a1020a416cb0a47e73"
            ],
            "markers": "python_version >= '2.7' and python_version not in '3.0, 3.1, 3.2, 3.3, 3.4' and python_version < '4'",
            "version": "==1.26.3"
        }
    },
    "develop": {
        "attrs": {
            "hashes": [
                "sha256:31b2eced602aa8423c2aea9c76a724617ed67cf9513173fd3a4f03e3a929c7e6",
                "sha256:832aa3cde19744e49938b91fea06d69ecb9e649c93ba974535d08ad92164f700"
            ],
            "markers": "python_version >= '2.7' and python_version not in '3.0, 3.1, 3.2, 3.3'",
            "version": "==20.3.0"
        },
        "certifi": {
            "hashes": [
                "sha256:1a4995114262bffbc2413b159f2a1a480c969de6e6eb13ee966d470af86af59c",
                "sha256:719a74fb9e33b9bd44cc7f3a8d94bc35e4049deebe19ba7d8e108280cfd59830"
            ],
            "version": "==2020.12.5"
        },
        "chardet": {
            "hashes": [
                "sha256:0d6f53a15db4120f2b08c94f11e7d93d2c911ee118b6b30a04ec3ee8310179fa",
                "sha256:f864054d66fd9118f2e67044ac8981a54775ec5b67aed0441892edb553d21da5"
            ],
            "markers": "python_version >= '2.7' and python_version not in '3.0, 3.1, 3.2, 3.3, 3.4'",
            "version": "==4.0.0"
        },
        "coverage": {
            "hashes": [
                "sha256:03ed2a641e412e42cc35c244508cf186015c217f0e4d496bf6d7078ebe837ae7",
                "sha256:04b14e45d6a8e159c9767ae57ecb34563ad93440fc1b26516a89ceb5b33c1ad5",
                "sha256:0cdde51bfcf6b6bd862ee9be324521ec619b20590787d1655d005c3fb175005f",
                "sha256:0f48fc7dc82ee14aeaedb986e175a429d24129b7eada1b7e94a864e4f0644dde",
                "sha256:107d327071061fd4f4a2587d14c389a27e4e5c93c7cba5f1f59987181903902f",
                "sha256:1375bb8b88cb050a2d4e0da901001347a44302aeadb8ceb4b6e5aa373b8ea68f",
                "sha256:14a9f1887591684fb59fdba8feef7123a0da2424b0652e1b58dd5b9a7bb1188c",
                "sha256:16baa799ec09cc0dcb43a10680573269d407c159325972dd7114ee7649e56c66",
                "sha256:1b811662ecf72eb2d08872731636aee6559cae21862c36f74703be727b45df90",
                "sha256:1ccae21a076d3d5f471700f6d30eb486da1626c380b23c70ae32ab823e453337",
                "sha256:2f2cf7a42d4b7654c9a67b9d091ec24374f7c58794858bff632a2039cb15984d",
                "sha256:322549b880b2d746a7672bf6ff9ed3f895e9c9f108b714e7360292aa5c5d7cf4",
                "sha256:32ab83016c24c5cf3db2943286b85b0a172dae08c58d0f53875235219b676409",
                "sha256:3fe50f1cac369b02d34ad904dfe0771acc483f82a1b54c5e93632916ba847b37",
                "sha256:4a780807e80479f281d47ee4af2eb2df3e4ccf4723484f77da0bb49d027e40a1",
                "sha256:4a8eb7785bd23565b542b01fb39115a975fefb4a82f23d407503eee2c0106247",
                "sha256:5bee3970617b3d74759b2d2df2f6a327d372f9732f9ccbf03fa591b5f7581e39",
                "sha256:60a3307a84ec60578accd35d7f0c71a3a971430ed7eca6567399d2b50ef37b8c",
                "sha256:6625e52b6f346a283c3d563d1fd8bae8956daafc64bb5bbd2b8f8a07608e3994",
                "sha256:66a5aae8233d766a877c5ef293ec5ab9520929c2578fd2069308a98b7374ea8c",
                "sha256:68fb816a5dd901c6aff352ce49e2a0ffadacdf9b6fae282a69e7a16a02dad5fb",
                "sha256:6b588b5cf51dc0fd1c9e19f622457cc74b7d26fe295432e434525f1c0fae02bc",
                "sha256:6c4d7165a4e8f41eca6b990c12ee7f44fef3932fac48ca32cecb3a1b2223c21f",
                "sha256:6d2e262e5e8da6fa56e774fb8e2643417351427604c2b177f8e8c5f75fc928ca",
                "sha256:6d9c88b787638a451f41f97446a1c9fd416e669b4d9717ae4615bd29de1ac135",
                "sha256:755c56beeacac6a24c8e1074f89f34f4373abce8b662470d3aa719ae304931f3",
                "sha256:7e40d3f8eb472c1509b12ac2a7e24158ec352fc8567b77ab02c0db053927e339",
                "sha256:812eaf4939ef2284d29653bcfee9665f11f013724f07258928f849a2306ea9f9",
                "sha256:84df004223fd0550d0ea7a37882e5c889f3c6d45535c639ce9802293b39cd5c9",
                "sha256:859f0add98707b182b4867359e12bde806b82483fb12a9ae868a77880fc3b7af",
                "sha256:87c4b38288f71acd2106f5d94f575bc2136ea2887fdb5dfe18003c881fa6b370",
                "sha256:89fc12c6371bf963809abc46cced4a01ca4f99cba17be5e7d416ed7ef1245d19",
                "sha256:9564ac7eb1652c3701ac691ca72934dd3009997c81266807aef924012df2f4b3",
                "sha256:9754a5c265f991317de2bac0c70a746efc2b695cf4d49f5d2cddeac36544fb44",
                "sha256:a565f48c4aae72d1d3d3f8e8fb7218f5609c964e9c6f68604608e5958b9c60c3",
                "sha256:a636160680c6e526b84f85d304e2f0bb4e94f8284dd765a1911de9a40450b10a",
                "sha256:a839e25f07e428a87d17d857d9935dd743130e77ff46524abb992b962eb2076c",
                "sha256:b62046592b44263fa7570f1117d372ae3f310222af1fc1407416f037fb3af21b",
                "sha256:b7f7421841f8db443855d2854e25914a79a1ff48ae92f70d0a5c2f8907ab98c9",
                "sha256:ba7ca81b6d60a9f7a0b4b4e175dcc38e8fef4992673d9d6e6879fd6de00dd9b8",
                "sha256:bb32ca14b4d04e172c541c69eec5f385f9a075b38fb22d765d8b0ce3af3a0c22",
                "sha256:c0ff1c1b4d13e2240821ef23c1efb1f009207cb3f56e16986f713c2b0e7cd37f",
                "sha256:c669b440ce46ae3abe9b2d44a913b5fd86bb19eb14a8701e88e3918902ecd345",
                "sha256:c67734cff78383a1f23ceba3b3239c7deefc62ac2b05fa6a47bcd565771e5880",
                "sha256:c6809ebcbf6c1049002b9ac09c127ae43929042ec1f1dbd8bb1615f7cd9f70a0",
                "sha256:cd601187476c6bed26a0398353212684c427e10a903aeafa6da40c63309d438b",
                "sha256:ebfa374067af240d079ef97b8064478f3bf71038b78b017eb6ec93ede1b6bcec",
                "sha256:fbb17c0d0822684b7d6c09915677a32319f16ff1115df5ec05bdcaaee40b35f3",
                "sha256:fff1f3a586246110f34dc762098b5afd2de88de507559e63553d7da643053786"
            ],
            "index": "pypi",
            "version": "==5.4"
        },
        "coveralls": {
            "hashes": [
                "sha256:5399c0565ab822a70a477f7031f6c88a9dd196b3de2877b3facb43b51bd13434",
                "sha256:f8384968c57dee4b7133ae701ecdad88e85e30597d496dcba0d7fbb470dca41f"
            ],
            "index": "pypi",
            "version": "==3.0.0"
        },
        "docopt": {
            "hashes": [
                "sha256:49b3a825280bd66b3aa83585ef59c4a8c82f2c8a522dbe754a8bc8d08c85c491"
            ],
            "version": "==0.6.2"
        },
        "idna": {
            "hashes": [
                "sha256:b307872f855b18632ce0c21c5e45be78c0ea7ae4c15c828c20788b26921eb3f6",
                "sha256:b97d804b1e9b523befed77c48dacec60e6dcb0b5391d57af6a65a312a90648c0"
            ],
            "markers": "python_version >= '2.7' and python_version not in '3.0, 3.1, 3.2, 3.3'",
            "version": "==2.10"
        },
        "iniconfig": {
            "hashes": [
                "sha256:011e24c64b7f47f6ebd835bb12a743f2fbe9a26d4cecaa7f53bc4f35ee9da8b3",
                "sha256:bc3af051d7d14b2ee5ef9969666def0cd1a000e121eaea580d4a313df4b37f32"
            ],
            "version": "==1.1.1"
        },
        "packaging": {
            "hashes": [
                "sha256:5b327ac1320dc863dca72f4514ecc086f31186744b84a230374cc1fd776feae5",
                "sha256:67714da7f7bc052e064859c05c595155bd1ee9f69f76557e21f051443c20947a"
            ],
            "markers": "python_version >= '2.7' and python_version not in '3.0, 3.1, 3.2, 3.3'",
            "version": "==20.9"
        },
        "pluggy": {
            "hashes": [
                "sha256:15b2acde666561e1298d71b523007ed7364de07029219b604cf808bfa1c765b0",
                "sha256:966c145cd83c96502c3c3868f50408687b38434af77734af1e9ca461a4081d2d"
            ],
            "markers": "python_version >= '2.7' and python_version not in '3.0, 3.1, 3.2, 3.3'",
            "version": "==0.13.1"
        },
        "py": {
            "hashes": [
                "sha256:21b81bda15b66ef5e1a777a21c4dcd9c20ad3efd0b3f817e7a809035269e1bd3",
                "sha256:3b80836aa6d1feeaa108e046da6423ab8f6ceda6468545ae8d02d9d58d18818a"
            ],
            "markers": "python_version >= '2.7' and python_version not in '3.0, 3.1, 3.2, 3.3'",
            "version": "==1.10.0"
        },
        "pyparsing": {
            "hashes": [
                "sha256:c203ec8783bf771a155b207279b9bccb8dea02d8f0c9e5f8ead507bc3246ecc1",
                "sha256:ef9d7589ef3c200abe66653d3f1ab1033c3c419ae9b9bdb1240a85b024efc88b"
            ],
            "markers": "python_version >= '2.6' and python_version not in '3.0, 3.1, 3.2, 3.3'",
            "version": "==2.4.7"
        },
        "pytest": {
            "hashes": [
                "sha256:9d1edf9e7d0b84d72ea3dbcdfd22b35fb543a5e8f2a60092dd578936bf63d7f9",
                "sha256:b574b57423e818210672e07ca1fa90aaf194a4f63f3ab909a2c67ebb22913839"
            ],
            "index": "pypi",
            "version": "==6.2.2"
        },
        "pytest-cov": {
            "hashes": [
                "sha256:359952d9d39b9f822d9d29324483e7ba04a3a17dd7d05aa6beb7ea01e359e5f7",
                "sha256:bdb9fdb0b85a7cc825269a4c56b48ccaa5c7e365054b6038772c32ddcdc969da"
            ],
            "index": "pypi",
            "version": "==2.11.1"
        },
        "requests": {
            "hashes": [
                "sha256:27973dd4a904a4f13b263a19c866c13b92a39ed1c964655f025f3f8d3d75b804",
                "sha256:c210084e36a42ae6b9219e00e48287def368a26d03a048ddad7bfee44f75871e"
            ],
            "markers": "python_version >= '2.7' and python_version not in '3.0, 3.1, 3.2, 3.3, 3.4'",
            "version": "==2.25.1"
        },
        "requests-mock": {
            "hashes": [
                "sha256:11215c6f4df72702aa357f205cf1e537cffd7392b3e787b58239bde5fb3db53b",
                "sha256:e68f46844e4cee9d447150343c9ae875f99fa8037c6dcf5f15bf1fe9ab43d226"
            ],
            "index": "pypi",
            "version": "==1.8.0"
        },
        "six": {
            "hashes": [
                "sha256:30639c035cdb23534cd4aa2dd52c3bf48f06e5f4a941509c8bafd8ce11080259",
                "sha256:8b74bedcbbbaca38ff6d7491d76f2b06b3592611af620f8426e82dddb04a5ced"
            ],
            "markers": "python_version >= '2.7' and python_version not in '3.0, 3.1, 3.2, 3.3'",
            "version": "==1.15.0"
        },
        "toml": {
            "hashes": [
                "sha256:806143ae5bfb6a3c6e736a764057db0e6a0e05e338b5630894a5f779cabb4f9b",
                "sha256:b3bda1d108d5dd99f4a20d24d9c348e91c4db7ab1b749200bded2f839ccbe68f"
            ],
            "markers": "python_version >= '2.6' and python_version not in '3.0, 3.1, 3.2, 3.3'",
            "version": "==0.10.2"
        },
        "urllib3": {
            "hashes": [
                "sha256:1b465e494e3e0d8939b50680403e3aedaa2bc434b7d5af64dfd3c958d7f5ae80",
                "sha256:de3eedaad74a2683334e282005cd8d7f22f4d55fa690a2a1020a416cb0a47e73"
            ],
            "markers": "python_version >= '2.7' and python_version not in '3.0, 3.1, 3.2, 3.3, 3.4' and python_version < '4'",
            "version": "==1.26.3"
        }
    }
}
